{
  "name": "wwc-evidence",
  "requires": true,
  "lockfileVersion": 1,
  "dependencies": {
    "@yaireo/tagify": {
      "version": "2.5.1",
      "resolved": "https://registry.npmjs.org/@yaireo/tagify/-/tagify-2.5.1.tgz",
      "integrity": "sha512-N+T6uQqUr1sxOe4ZUI/favbVSFsIjIF7bD5eRQVOtNpAzB2fGPgfw0GC3EwgmAARjRVdHtYSv4BmOcXJ7uyQSw=="
    }
  }
}
